<?xml version="1.0" encoding="UTF-8" standalone="yes" ?>
<CodeBlocks_project_file>
   <FileVersion major="1" minor="6" />
   <Project>
      <Option title="UTAustinVillaBase" />
      <Option makefile_is_custom="1" />
      <Option compiler="gcc" />
      <Option virtualFolders="CMake Files\;CMake Files\cmake\;" />
      <Build>
      <Target title="all">
         <Option working_dir="/home/clowdy/robocup/RoboCup最终考核说明文档/RoboCup_3D" />
         <Option type="4" />
         <MakeCommands>
            <Build command="/usr/bin/make -f &quot;/home/clowdy/robocup/RoboCup最终考核说明文档/RoboCup_3D/Makefile&quot;  VERBOSE=1 all" />
            <CompileFile command="/usr/bin/make -f &quot;/home/clowdy/robocup/RoboCup最终考核说明文档/RoboCup_3D/Makefile&quot;  VERBOSE=1 &quot;$file&quot;" />
            <Clean command="/usr/bin/make -f &quot;/home/clowdy/robocup/RoboCup最终考核说明文档/RoboCup_3D/Makefile&quot;  VERBOSE=1 clean" />
            <DistClean command="/usr/bin/make -f &quot;/home/clowdy/robocup/RoboCup最终考核说明文档/RoboCup_3D/Makefile&quot;  VERBOSE=1 clean" />
         </MakeCommands>
      </Target>
      <Target title="edit_cache">
         <Option working_dir="/home/clowdy/robocup/RoboCup最终考核说明文档/RoboCup_3D" />
         <Option type="4" />
         <MakeCommands>
            <Build command="/usr/bin/make -f &quot;/home/clowdy/robocup/RoboCup最终考核说明文档/RoboCup_3D/Makefile&quot;  VERBOSE=1 edit_cache" />
            <CompileFile command="/usr/bin/make -f &quot;/home/clowdy/robocup/RoboCup最终考核说明文档/RoboCup_3D/Makefile&quot;  VERBOSE=1 &quot;$file&quot;" />
            <Clean command="/usr/bin/make -f &quot;/home/clowdy/robocup/RoboCup最终考核说明文档/RoboCup_3D/Makefile&quot;  VERBOSE=1 clean" />
            <DistClean command="/usr/bin/make -f &quot;/home/clowdy/robocup/RoboCup最终考核说明文档/RoboCup_3D/Makefile&quot;  VERBOSE=1 clean" />
         </MakeCommands>
      </Target>
      <Target title="agentspark">
         <Option output="/home/clowdy/robocup/RoboCup最终考核说明文档/RoboCup_3D/agentspark" prefix_auto="0" extension_auto="0" />
         <Option working_dir="/home/clowdy/robocup/RoboCup最终考核说明文档/RoboCup_3D" />
         <Option object_output="./" />
         <Option type="1" />
         <Option compiler="gcc" />
         <Compiler>
            <Add directory="/home/clowdy/robocup/RoboCup最终考核说明文档/RoboCup_3D/utwalk" />
            <Add directory="/usr/include" />
            <Add directory="/usr/include/c++/5" />
            <Add directory="/usr/include/c++/5/backward" />
            <Add directory="/usr/include/x86_64-linux-gnu" />
            <Add directory="/usr/include/x86_64-linux-gnu/c++/5" />
            <Add directory="/usr/lib/gcc/x86_64-linux-gnu/5/include" />
            <Add directory="/usr/lib/gcc/x86_64-linux-gnu/5/include-fixed" />
            <Add directory="/usr/local/include" />
            <Add directory="/usr/local/include/simspark" />
         </Compiler>
         <MakeCommands>
            <Build command="/usr/bin/make -f &quot;/home/clowdy/robocup/RoboCup最终考核说明文档/RoboCup_3D/Makefile&quot;  VERBOSE=1 agentspark" />
            <CompileFile command="/usr/bin/make -f &quot;/home/clowdy/robocup/RoboCup最终考核说明文档/RoboCup_3D/Makefile&quot;  VERBOSE=1 &quot;$file&quot;" />
            <Clean command="/usr/bin/make -f &quot;/home/clowdy/robocup/RoboCup最终考核说明文档/RoboCup_3D/Makefile&quot;  VERBOSE=1 clean" />
            <DistClean command="/usr/bin/make -f &quot;/home/clowdy/robocup/RoboCup最终考核说明文档/RoboCup_3D/Makefile&quot;  VERBOSE=1 clean" />
         </MakeCommands>
      </Target>
      <Target title="agentspark/fast">
         <Option output="/home/clowdy/robocup/RoboCup最终考核说明文档/RoboCup_3D/agentspark" prefix_auto="0" extension_auto="0" />
         <Option working_dir="/home/clowdy/robocup/RoboCup最终考核说明文档/RoboCup_3D" />
         <Option object_output="./" />
         <Option type="1" />
         <Option compiler="gcc" />
         <Compiler>
            <Add directory="/home/clowdy/robocup/RoboCup最终考核说明文档/RoboCup_3D/utwalk" />
            <Add directory="/usr/include" />
            <Add directory="/usr/include/c++/5" />
            <Add directory="/usr/include/c++/5/backward" />
            <Add directory="/usr/include/x86_64-linux-gnu" />
            <Add directory="/usr/include/x86_64-linux-gnu/c++/5" />
            <Add directory="/usr/lib/gcc/x86_64-linux-gnu/5/include" />
            <Add directory="/usr/lib/gcc/x86_64-linux-gnu/5/include-fixed" />
            <Add directory="/usr/local/include" />
            <Add directory="/usr/local/include/simspark" />
         </Compiler>
         <MakeCommands>
            <Build command="/usr/bin/make -f &quot;/home/clowdy/robocup/RoboCup最终考核说明文档/RoboCup_3D/Makefile&quot;  VERBOSE=1 agentspark/fast" />
            <CompileFile command="/usr/bin/make -f &quot;/home/clowdy/robocup/RoboCup最终考核说明文档/RoboCup_3D/Makefile&quot;  VERBOSE=1 &quot;$file&quot;" />
            <Clean command="/usr/bin/make -f &quot;/home/clowdy/robocup/RoboCup最终考核说明文档/RoboCup_3D/Makefile&quot;  VERBOSE=1 clean" />
            <DistClean command="/usr/bin/make -f &quot;/home/clowdy/robocup/RoboCup最终考核说明文档/RoboCup_3D/Makefile&quot;  VERBOSE=1 clean" />
         </MakeCommands>
      </Target>
      <Target title="rebuild_cache">
         <Option working_dir="/home/clowdy/robocup/RoboCup最终考核说明文档/RoboCup_3D" />
         <Option type="4" />
         <MakeCommands>
            <Build command="/usr/bin/make -f &quot;/home/clowdy/robocup/RoboCup最终考核说明文档/RoboCup_3D/Makefile&quot;  VERBOSE=1 rebuild_cache" />
            <CompileFile command="/usr/bin/make -f &quot;/home/clowdy/robocup/RoboCup最终考核说明文档/RoboCup_3D/Makefile&quot;  VERBOSE=1 &quot;$file&quot;" />
            <Clean command="/usr/bin/make -f &quot;/home/clowdy/robocup/RoboCup最终考核说明文档/RoboCup_3D/Makefile&quot;  VERBOSE=1 clean" />
            <DistClean command="/usr/bin/make -f &quot;/home/clowdy/robocup/RoboCup最终考核说明文档/RoboCup_3D/Makefile&quot;  VERBOSE=1 clean" />
         </MakeCommands>
      </Target>
      </Build>
      <Unit filename="/home/clowdy/robocup/RoboCup最终考核说明文档/RoboCup_3D/audio/audio.cc">
         <Option target="agentspark"/>
      </Unit>
      <Unit filename="/home/clowdy/robocup/RoboCup最终考核说明文档/RoboCup_3D/audio/audio.h">
         <Option target="agentspark"/>
      </Unit>
      <Unit filename="/home/clowdy/robocup/RoboCup最终考核说明文档/RoboCup_3D/behaviors/behavior.cc">
         <Option target="agentspark"/>
      </Unit>
      <Unit filename="/home/clowdy/robocup/RoboCup最终考核说明文档/RoboCup_3D/behaviors/behavior.h">
         <Option target="agentspark"/>
      </Unit>
      <Unit filename="/home/clowdy/robocup/RoboCup最终考核说明文档/RoboCup_3D/behaviors/checkfall.cc">
         <Option target="agentspark"/>
      </Unit>
      <Unit filename="/home/clowdy/robocup/RoboCup最终考核说明文档/RoboCup_3D/behaviors/gazebobehavior.cc">
         <Option target="agentspark"/>
      </Unit>
      <Unit filename="/home/clowdy/robocup/RoboCup最终考核说明文档/RoboCup_3D/behaviors/gazebobehavior.h">
         <Option target="agentspark"/>
      </Unit>
      <Unit filename="/home/clowdy/robocup/RoboCup最终考核说明文档/RoboCup_3D/behaviors/keeper.cc">
         <Option target="agentspark"/>
      </Unit>
      <Unit filename="/home/clowdy/robocup/RoboCup最终考核说明文档/RoboCup_3D/behaviors/kicking.cc">
         <Option target="agentspark"/>
      </Unit>
      <Unit filename="/home/clowdy/robocup/RoboCup最终考核说明文档/RoboCup_3D/behaviors/naobehavior.cc">
         <Option target="agentspark"/>
      </Unit>
      <Unit filename="/home/clowdy/robocup/RoboCup最终考核说明文档/RoboCup_3D/behaviors/naobehavior.h">
         <Option target="agentspark"/>
      </Unit>
      <Unit filename="/home/clowdy/robocup/RoboCup最终考核说明文档/RoboCup_3D/behaviors/onball.cc">
         <Option target="agentspark"/>
      </Unit>
      <Unit filename="/home/clowdy/robocup/RoboCup最终考核说明文档/RoboCup_3D/behaviors/pkbehaviors.cc">
         <Option target="agentspark"/>
      </Unit>
      <Unit filename="/home/clowdy/robocup/RoboCup最终考核说明文档/RoboCup_3D/behaviors/pkbehaviors.h">
         <Option target="agentspark"/>
      </Unit>
      <Unit filename="/home/clowdy/robocup/RoboCup最终考核说明文档/RoboCup_3D/behaviors/strategy.cc">
         <Option target="agentspark"/>
      </Unit>
      <Unit filename="/home/clowdy/robocup/RoboCup最终考核说明文档/RoboCup_3D/bodymodel/bodymodel.cc">
         <Option target="agentspark"/>
      </Unit>
      <Unit filename="/home/clowdy/robocup/RoboCup最终考核说明文档/RoboCup_3D/bodymodel/bodymodel.h">
         <Option target="agentspark"/>
      </Unit>
      <Unit filename="/home/clowdy/robocup/RoboCup最终考核说明文档/RoboCup_3D/headers/headers.cc">
         <Option target="agentspark"/>
      </Unit>
      <Unit filename="/home/clowdy/robocup/RoboCup最终考核说明文档/RoboCup_3D/headers/headers.h">
         <Option target="agentspark"/>
      </Unit>
      <Unit filename="/home/clowdy/robocup/RoboCup最终考核说明文档/RoboCup_3D/ikfast/ikfast.cpp">
         <Option target="agentspark"/>
      </Unit>
      <Unit filename="/home/clowdy/robocup/RoboCup最终考核说明文档/RoboCup_3D/ikfast/ikfast.h">
         <Option target="agentspark"/>
      </Unit>
      <Unit filename="/home/clowdy/robocup/RoboCup最终考核说明文档/RoboCup_3D/kalman/BallKF.cpp">
         <Option target="agentspark"/>
      </Unit>
      <Unit filename="/home/clowdy/robocup/RoboCup最终考核说明文档/RoboCup_3D/kalman/BallKF.h">
         <Option target="agentspark"/>
      </Unit>
      <Unit filename="/home/clowdy/robocup/RoboCup最终考核说明文档/RoboCup_3D/kalman/OrigKalmanFilter.cpp">
         <Option target="agentspark"/>
      </Unit>
      <Unit filename="/home/clowdy/robocup/RoboCup最终考核说明文档/RoboCup_3D/kalman/OrigKalmanFilter.h">
         <Option target="agentspark"/>
      </Unit>
      <Unit filename="/home/clowdy/robocup/RoboCup最终考核说明文档/RoboCup_3D/kalman/PlayerKF.cpp">
         <Option target="agentspark"/>
      </Unit>
      <Unit filename="/home/clowdy/robocup/RoboCup最终考核说明文档/RoboCup_3D/kalman/PlayerKF.h">
         <Option target="agentspark"/>
      </Unit>
      <Unit filename="/home/clowdy/robocup/RoboCup最终考核说明文档/RoboCup_3D/main.cc">
         <Option target="agentspark"/>
      </Unit>
      <Unit filename="/home/clowdy/robocup/RoboCup最终考核说明文档/RoboCup_3D/math/Geometry.cc">
         <Option target="agentspark"/>
      </Unit>
      <Unit filename="/home/clowdy/robocup/RoboCup最终考核说明文档/RoboCup_3D/math/Geometry.h">
         <Option target="agentspark"/>
      </Unit>
      <Unit filename="/home/clowdy/robocup/RoboCup最终考核说明文档/RoboCup_3D/math/hctmatrix.cc">
         <Option target="agentspark"/>
      </Unit>
      <Unit filename="/home/clowdy/robocup/RoboCup最终考核说明文档/RoboCup_3D/math/hctmatrix.h">
         <Option target="agentspark"/>
      </Unit>
      <Unit filename="/home/clowdy/robocup/RoboCup最终考核说明文档/RoboCup_3D/math/vecposition.cc">
         <Option target="agentspark"/>
      </Unit>
      <Unit filename="/home/clowdy/robocup/RoboCup最终考核说明文档/RoboCup_3D/math/vecposition.h">
         <Option target="agentspark"/>
      </Unit>
      <Unit filename="/home/clowdy/robocup/RoboCup最终考核说明文档/RoboCup_3D/optimization/optimizationbehaviors.cc">
         <Option target="agentspark"/>
      </Unit>
      <Unit filename="/home/clowdy/robocup/RoboCup最终考核说明文档/RoboCup_3D/optimization/optimizationbehaviors.h">
         <Option target="agentspark"/>
      </Unit>
      <Unit filename="/home/clowdy/robocup/RoboCup最终考核说明文档/RoboCup_3D/parser/parser.cc">
         <Option target="agentspark"/>
      </Unit>
      <Unit filename="/home/clowdy/robocup/RoboCup最终考核说明文档/RoboCup_3D/parser/parser.h">
         <Option target="agentspark"/>
      </Unit>
      <Unit filename="/home/clowdy/robocup/RoboCup最终考核说明文档/RoboCup_3D/particlefilter/PFLocalization.cc">
         <Option target="agentspark"/>
      </Unit>
      <Unit filename="/home/clowdy/robocup/RoboCup最终考核说明文档/RoboCup_3D/particlefilter/PFLocalization.h">
         <Option target="agentspark"/>
      </Unit>
      <Unit filename="/home/clowdy/robocup/RoboCup最终考核说明文档/RoboCup_3D/particlefilter/Particle.cc">
         <Option target="agentspark"/>
      </Unit>
      <Unit filename="/home/clowdy/robocup/RoboCup最终考核说明文档/RoboCup_3D/particlefilter/Particle.h">
         <Option target="agentspark"/>
      </Unit>
      <Unit filename="/home/clowdy/robocup/RoboCup最终考核说明文档/RoboCup_3D/rvdraw/rvdraw.cc">
         <Option target="agentspark"/>
      </Unit>
      <Unit filename="/home/clowdy/robocup/RoboCup最终考核说明文档/RoboCup_3D/rvdraw/rvdraw.h">
         <Option target="agentspark"/>
      </Unit>
      <Unit filename="/home/clowdy/robocup/RoboCup最终考核说明文档/RoboCup_3D/servercomm/primitives.cc">
         <Option target="agentspark"/>
      </Unit>
      <Unit filename="/home/clowdy/robocup/RoboCup最终考核说明文档/RoboCup_3D/skills/curve3d.cc">
         <Option target="agentspark"/>
      </Unit>
      <Unit filename="/home/clowdy/robocup/RoboCup最终考核说明文档/RoboCup_3D/skills/curve3d.h">
         <Option target="agentspark"/>
      </Unit>
      <Unit filename="/home/clowdy/robocup/RoboCup最终考核说明文档/RoboCup_3D/skills/skill.cc">
         <Option target="agentspark"/>
      </Unit>
      <Unit filename="/home/clowdy/robocup/RoboCup最终考核说明文档/RoboCup_3D/skills/skill.h">
         <Option target="agentspark"/>
      </Unit>
      <Unit filename="/home/clowdy/robocup/RoboCup最终考核说明文档/RoboCup_3D/stats/recordstatsbehavior.cc">
         <Option target="agentspark"/>
      </Unit>
      <Unit filename="/home/clowdy/robocup/RoboCup最终考核说明文档/RoboCup_3D/stats/recordstatsbehavior.h">
         <Option target="agentspark"/>
      </Unit>
      <Unit filename="/home/clowdy/robocup/RoboCup最终考核说明文档/RoboCup_3D/utwalk/Module.cpp">
         <Option target="agentspark"/>
      </Unit>
      <Unit filename="/home/clowdy/robocup/RoboCup最终考核说明文档/RoboCup_3D/utwalk/Module.h">
         <Option target="agentspark"/>
      </Unit>
      <Unit filename="/home/clowdy/robocup/RoboCup最终考核说明文档/RoboCup_3D/utwalk/MotionCore.cpp">
         <Option target="agentspark"/>
      </Unit>
      <Unit filename="/home/clowdy/robocup/RoboCup最终考核说明文档/RoboCup_3D/utwalk/MotionCore.h">
         <Option target="agentspark"/>
      </Unit>
      <Unit filename="/home/clowdy/robocup/RoboCup最终考核说明文档/RoboCup_3D/utwalk/common/NMatrix.cpp">
         <Option target="agentspark"/>
      </Unit>
      <Unit filename="/home/clowdy/robocup/RoboCup最终考核说明文档/RoboCup_3D/utwalk/common/NMatrix.h">
         <Option target="agentspark"/>
      </Unit>
      <Unit filename="/home/clowdy/robocup/RoboCup最终考核说明文档/RoboCup_3D/utwalk/common/PIDController.cpp">
         <Option target="agentspark"/>
      </Unit>
      <Unit filename="/home/clowdy/robocup/RoboCup最终考核说明文档/RoboCup_3D/utwalk/common/PIDController.h">
         <Option target="agentspark"/>
      </Unit>
      <Unit filename="/home/clowdy/robocup/RoboCup最终考核说明文档/RoboCup_3D/utwalk/kinematics/ForwardKinematics.cpp">
         <Option target="agentspark"/>
      </Unit>
      <Unit filename="/home/clowdy/robocup/RoboCup最终考核说明文档/RoboCup_3D/utwalk/kinematics/ForwardKinematics.h">
         <Option target="agentspark"/>
      </Unit>
      <Unit filename="/home/clowdy/robocup/RoboCup最终考核说明文档/RoboCup_3D/utwalk/kinematics/InverseKinematics.cpp">
         <Option target="agentspark"/>
      </Unit>
      <Unit filename="/home/clowdy/robocup/RoboCup最终考核说明文档/RoboCup_3D/utwalk/kinematics/InverseKinematics.h">
         <Option target="agentspark"/>
      </Unit>
      <Unit filename="/home/clowdy/robocup/RoboCup最终考核说明文档/RoboCup_3D/utwalk/kinematics/KinematicsModule.cpp">
         <Option target="agentspark"/>
      </Unit>
      <Unit filename="/home/clowdy/robocup/RoboCup最终考核说明文档/RoboCup_3D/utwalk/kinematics/KinematicsModule.h">
         <Option target="agentspark"/>
      </Unit>
      <Unit filename="/home/clowdy/robocup/RoboCup最终考核说明文档/RoboCup_3D/utwalk/math/Geometry.cpp">
         <Option target="agentspark"/>
      </Unit>
      <Unit filename="/home/clowdy/robocup/RoboCup最终考核说明文档/RoboCup_3D/utwalk/math/Geometry.h">
         <Option target="agentspark"/>
      </Unit>
      <Unit filename="/home/clowdy/robocup/RoboCup最终考核说明文档/RoboCup_3D/utwalk/math/MVTools.cpp">
         <Option target="agentspark"/>
      </Unit>
      <Unit filename="/home/clowdy/robocup/RoboCup最终考核说明文档/RoboCup_3D/utwalk/math/MVTools.h">
         <Option target="agentspark"/>
      </Unit>
      <Unit filename="/home/clowdy/robocup/RoboCup最终考核说明文档/RoboCup_3D/utwalk/math/RotationMatrix.cpp">
         <Option target="agentspark"/>
      </Unit>
      <Unit filename="/home/clowdy/robocup/RoboCup最终考核说明文档/RoboCup_3D/utwalk/math/RotationMatrix.h">
         <Option target="agentspark"/>
      </Unit>
      <Unit filename="/home/clowdy/robocup/RoboCup最终考核说明文档/RoboCup_3D/utwalk/memory/Lock.cpp">
         <Option target="agentspark"/>
      </Unit>
      <Unit filename="/home/clowdy/robocup/RoboCup最终考核说明文档/RoboCup_3D/utwalk/memory/Lock.h">
         <Option target="agentspark"/>
      </Unit>
      <Unit filename="/home/clowdy/robocup/RoboCup最终考核说明文档/RoboCup_3D/utwalk/memory/Logger.cpp">
         <Option target="agentspark"/>
      </Unit>
      <Unit filename="/home/clowdy/robocup/RoboCup最终考核说明文档/RoboCup_3D/utwalk/memory/Logger.h">
         <Option target="agentspark"/>
      </Unit>
      <Unit filename="/home/clowdy/robocup/RoboCup最终考核说明文档/RoboCup_3D/utwalk/memory/Memory.cpp">
         <Option target="agentspark"/>
      </Unit>
      <Unit filename="/home/clowdy/robocup/RoboCup最终考核说明文档/RoboCup_3D/utwalk/memory/Memory.h">
         <Option target="agentspark"/>
      </Unit>
      <Unit filename="/home/clowdy/robocup/RoboCup最终考核说明文档/RoboCup_3D/utwalk/memory/MemoryBlock.cpp">
         <Option target="agentspark"/>
      </Unit>
      <Unit filename="/home/clowdy/robocup/RoboCup最终考核说明文档/RoboCup_3D/utwalk/memory/MemoryBlock.h">
         <Option target="agentspark"/>
      </Unit>
      <Unit filename="/home/clowdy/robocup/RoboCup最终考核说明文档/RoboCup_3D/utwalk/memory/PrivateMemory.cpp">
         <Option target="agentspark"/>
      </Unit>
      <Unit filename="/home/clowdy/robocup/RoboCup最终考核说明文档/RoboCup_3D/utwalk/memory/PrivateMemory.h">
         <Option target="agentspark"/>
      </Unit>
      <Unit filename="/home/clowdy/robocup/RoboCup最终考核说明文档/RoboCup_3D/utwalk/memory/SharedMemory.cpp">
         <Option target="agentspark"/>
      </Unit>
      <Unit filename="/home/clowdy/robocup/RoboCup最终考核说明文档/RoboCup_3D/utwalk/memory/SharedMemory.h">
         <Option target="agentspark"/>
      </Unit>
      <Unit filename="/home/clowdy/robocup/RoboCup最终考核说明文档/RoboCup_3D/utwalk/motion/MotionModule.cpp">
         <Option target="agentspark"/>
      </Unit>
      <Unit filename="/home/clowdy/robocup/RoboCup最终考核说明文档/RoboCup_3D/utwalk/motion/MotionModule.h">
         <Option target="agentspark"/>
      </Unit>
      <Unit filename="/home/clowdy/robocup/RoboCup最终考核说明文档/RoboCup_3D/utwalk/motion/UTWalkEngine.cpp">
         <Option target="agentspark"/>
      </Unit>
      <Unit filename="/home/clowdy/robocup/RoboCup最终考核说明文档/RoboCup_3D/utwalk/motion/UTWalkEngine.h">
         <Option target="agentspark"/>
      </Unit>
      <Unit filename="/home/clowdy/robocup/RoboCup最终考核说明文档/RoboCup_3D/utwalk/motion/WalkEngineParameters.cpp">
         <Option target="agentspark"/>
      </Unit>
      <Unit filename="/home/clowdy/robocup/RoboCup最终考核说明文档/RoboCup_3D/utwalk/motion/WalkEngineParameters.h">
         <Option target="agentspark"/>
      </Unit>
      <Unit filename="/home/clowdy/robocup/RoboCup最终考核说明文档/RoboCup_3D/utwalk/sensor/InertialFilter.cpp">
         <Option target="agentspark"/>
      </Unit>
      <Unit filename="/home/clowdy/robocup/RoboCup最终考核说明文档/RoboCup_3D/utwalk/sensor/InertialFilter.h">
         <Option target="agentspark"/>
      </Unit>
      <Unit filename="/home/clowdy/robocup/RoboCup最终考核说明文档/RoboCup_3D/utwalk/sensor/SensorModule.cpp">
         <Option target="agentspark"/>
      </Unit>
      <Unit filename="/home/clowdy/robocup/RoboCup最终考核说明文档/RoboCup_3D/utwalk/sensor/SensorModule.h">
         <Option target="agentspark"/>
      </Unit>
      <Unit filename="/home/clowdy/robocup/RoboCup最终考核说明文档/RoboCup_3D/worldmodel/worldmodel.cc">
         <Option target="agentspark"/>
      </Unit>
      <Unit filename="/home/clowdy/robocup/RoboCup最终考核说明文档/RoboCup_3D/worldmodel/worldmodel.h">
         <Option target="agentspark"/>
      </Unit>
      <Unit filename="/home/clowdy/robocup/RoboCup最终考核说明文档/RoboCup_3D/CMakeLists.txt">
          <Option virtualFolder="CMake Files\" />
      </Unit>
      <Unit filename="/home/clowdy/robocup/RoboCup最终考核说明文档/RoboCup_3D/cmake/FindRcssnet3d.cmake">
          <Option virtualFolder="CMake Files\cmake\" />
      </Unit>
   </Project>
</CodeBlocks_project_file>
